
Microsoft Visual Studio Solution File, Format Version 12.00
# Visual Studio Version 17
VisualStudioVersion = 17.2.32505.173
MinimumVisualStudioVersion = 10.0.40219.1
Project("{FAE04EC0-301F-11D3-BF4B-00C04F79EFBC}") = "Clase7", "Clase7\Clase7.csproj", "{CE48FF71-7222-4765-9311-768DFEA9DE3C}"
EndProject
Global
	GlobalSection(SolutionConfigurationPlatforms) = preSolution
		Debug|Any CPU = Debug|Any CPU
		Release|Any CPU = Release|Any CPU
	EndGlobalSection
	GlobalSection(ProjectConfigurationPlatforms) = postSolution
		{CE48FF71-7222-4765-9311-768DFEA9DE3C}.Debug|Any CPU.ActiveCfg = Debug|Any CPU
		{CE48FF71-7222-4765-9311-768DFEA9DE3C}.Debug|Any CPU.Build.0 = Debug|Any CPU
		{CE48FF71-7222-4765-9311-768DFEA9DE3C}.Release|Any CPU.ActiveCfg = Release|Any CPU
		{CE48FF71-7222-4765-9311-768DFEA9DE3C}.Release|Any CPU.Build.0 = Release|Any CPU
	EndGlobalSection
	GlobalSection(SolutionProperties) = preSolution
		HideSolutionNode = FALSE
	EndGlobalSection
	GlobalSection(ExtensibilityGlobals) = postSolution
		SolutionGuid = {DE84B157-49B5-4E3D-A587-D3836EF50AF3}
	EndGlobalSection
EndGlobal
