
Microsoft Visual Studio Solution File, Format Version 12.00
# Visual Studio Version 17
VisualStudioVersion = 17.2.32616.157
MinimumVisualStudioVersion = 10.0.40219.1
Project("{FAE04EC0-301F-11D3-BF4B-00C04F79EFBC}") = "CodeFirst example", "CodeFirst example.csproj", "{4C7038AB-C17C-43CD-A186-C653AB4AFF90}"
EndProject
Global
	GlobalSection(SolutionConfigurationPlatforms) = preSolution
		Debug|Any CPU = Debug|Any CPU
		Release|Any CPU = Release|Any CPU
	EndGlobalSection
	GlobalSection(ProjectConfigurationPlatforms) = postSolution
		{4C7038AB-C17C-43CD-A186-C653AB4AFF90}.Debug|Any CPU.ActiveCfg = Debug|Any CPU
		{4C7038AB-C17C-43CD-A186-C653AB4AFF90}.Debug|Any CPU.Build.0 = Debug|Any CPU
		{4C7038AB-C17C-43CD-A186-C653AB4AFF90}.Release|Any CPU.ActiveCfg = Release|Any CPU
		{4C7038AB-C17C-43CD-A186-C653AB4AFF90}.Release|Any CPU.Build.0 = Release|Any CPU
	EndGlobalSection
	GlobalSection(SolutionProperties) = preSolution
		HideSolutionNode = FALSE
	EndGlobalSection
	GlobalSection(ExtensibilityGlobals) = postSolution
		SolutionGuid = {74F51DEE-CB42-4E0A-953F-23FF7F62843F}
	EndGlobalSection
EndGlobal
