
Microsoft Visual Studio Solution File, Format Version 12.00
# Visual Studio Version 17
VisualStudioVersion = 17.2.32616.157
MinimumVisualStudioVersion = 10.0.40219.1
Project("{FAE04EC0-301F-11D3-BF4B-00C04F79EFBC}") = "Ejercicio Cuadrilateros", "Ejercicio Cuadrilateros.csproj", "{C1086F44-262F-4F97-9DF9-8E516249016D}"
EndProject
Global
	GlobalSection(SolutionConfigurationPlatforms) = preSolution
		Debug|Any CPU = Debug|Any CPU
		Release|Any CPU = Release|Any CPU
	EndGlobalSection
	GlobalSection(ProjectConfigurationPlatforms) = postSolution
		{C1086F44-262F-4F97-9DF9-8E516249016D}.Debug|Any CPU.ActiveCfg = Debug|Any CPU
		{C1086F44-262F-4F97-9DF9-8E516249016D}.Debug|Any CPU.Build.0 = Debug|Any CPU
		{C1086F44-262F-4F97-9DF9-8E516249016D}.Release|Any CPU.ActiveCfg = Release|Any CPU
		{C1086F44-262F-4F97-9DF9-8E516249016D}.Release|Any CPU.Build.0 = Release|Any CPU
	EndGlobalSection
	GlobalSection(SolutionProperties) = preSolution
		HideSolutionNode = FALSE
	EndGlobalSection
	GlobalSection(ExtensibilityGlobals) = postSolution
		SolutionGuid = {20CA5CB5-29FC-480D-8C0E-6BBB27766DA6}
	EndGlobalSection
EndGlobal
