
Microsoft Visual Studio Solution File, Format Version 12.00
# Visual Studio Version 17
VisualStudioVersion = 17.2.32616.157
MinimumVisualStudioVersion = 10.0.40219.1
Project("{FAE04EC0-301F-11D3-BF4B-00C04F79EFBC}") = "Clase 27 BdD", "Clase 27 BdD.csproj", "{FDA60613-802D-433D-BECA-A164D635BA64}"
EndProject
Global
	GlobalSection(SolutionConfigurationPlatforms) = preSolution
		Debug|Any CPU = Debug|Any CPU
		Release|Any CPU = Release|Any CPU
	EndGlobalSection
	GlobalSection(ProjectConfigurationPlatforms) = postSolution
		{FDA60613-802D-433D-BECA-A164D635BA64}.Debug|Any CPU.ActiveCfg = Debug|Any CPU
		{FDA60613-802D-433D-BECA-A164D635BA64}.Debug|Any CPU.Build.0 = Debug|Any CPU
		{FDA60613-802D-433D-BECA-A164D635BA64}.Release|Any CPU.ActiveCfg = Release|Any CPU
		{FDA60613-802D-433D-BECA-A164D635BA64}.Release|Any CPU.Build.0 = Release|Any CPU
	EndGlobalSection
	GlobalSection(SolutionProperties) = preSolution
		HideSolutionNode = FALSE
	EndGlobalSection
	GlobalSection(ExtensibilityGlobals) = postSolution
		SolutionGuid = {3C7F2992-F3E4-4877-B40E-AAFE1B56B8E8}
	EndGlobalSection
EndGlobal
